{
  "name": "auth-gateway",
  "version": "0.9.0",
  "lockfileVersion": 3,
  "requires": true,
  "packages": {
    "": {
      "name": "auth-gateway",
      "version": "0.9.0",
      "dependencies": {
        "express": "4.19.2",
        "internal-utils": "git+https://github.com/acme-collab/internal-utils.git#main"
      }
    }
  }
}
